// !$*UTF8*$!
{
	archiveVersion = 1;
	classes = {
	};
	objectVersion = 55;
	objects = {

/* Begin PBXBuildFile section */
		37DF678C283FD6280022DBE5 /* AppDelegate.swift in Sources */ = {isa = PBXBuildFile; fileRef = 37DF678B283FD6280022DBE5 /* AppDelegate.swift */; };
		37DF678E283FD6280022DBE5 /* SceneDelegate.swift in Sources */ = {isa = PBXBuildFile; fileRef = 37DF678D283FD6280022DBE5 /* SceneDelegate.swift */; };
		37DF6790283FD6280022DBE5 /* ViewController.swift in Sources */ = {isa = PBXBuildFile; fileRef = 37DF678F283FD6280022DBE5 /* ViewController.swift */; };
		37DF6793283FD6280022DBE5 /* Main.storyboard in Resources */ = {isa = PBXBuildFile; fileRef = 37DF6791283FD6280022DBE5 /* Main.storyboard */; };
		37DF6796283FD6280022DBE5 /* PassData_ViewControllers_Delegate.xcdatamodeld in Sources */ = {isa = PBXBuildFile; fileRef = 37DF6794283FD6280022DBE5 /* PassData_ViewControllers_Delegate.xcdatamodeld */; };
		37DF6798283FD62A0022DBE5 /* Assets.xcassets in Resources */ = {isa = PBXBuildFile; fileRef = 37DF6797283FD62A0022DBE5 /* Assets.xcassets */; };
		37DF679B283FD62A0022DBE5 /* LaunchScreen.storyboard in Resources */ = {isa = PBXBuildFile; fileRef = 37DF6799283FD62A0022DBE5 /* LaunchScreen.storyboard */; };
/* End PBXBuildFile section */

/* Begin PBXFileReference section */
		37DF6788283FD6280022DBE5 /* PassData_ViewControllers_Delegate.app */ = {isa = PBXFileReference; explicitFileType = wrapper.application; includeInIndex = 0; path = PassData_ViewControllers_Delegate.app; sourceTree = BUILT_PRODUCTS_DIR; };
		37DF678B283FD6280022DBE5 /* AppDelegate.swift */ = {isa = PBXFileReference; lastKnownFileType = sourcecode.swift; path = AppDelegate.swift; sourceTree = "<group>"; };
		37DF678D283FD6280022DBE5 /* SceneDelegate.swift */ = {isa = PBXFileReference; lastKnownFileType = sourcecode.swift; path = SceneDelegate.swift; sourceTree = "<group>"; };
		37DF678F283FD6280022DBE5 /* ViewController.swift */ = {isa = PBXFileReference; lastKnownFileType = sourcecode.swift; path = ViewController.swift; sourceTree = "<group>"; };
		37DF6792283FD6280022DBE5 /* Base */ = {isa = PBXFileReference; lastKnownFileType = file.storyboard; name = Base; path = Base.lproj/Main.storyboard; sourceTree = "<group>"; };
		37DF6795283FD6280022DBE5 /* PassData_ViewControllers_Delegate.xcdatamodel */ = {isa = PBXFileReference; lastKnownFileType = wrapper.xcdatamodel; path = PassData_ViewControllers_Delegate.xcdatamodel; sourceTree = "<group>"; };
		37DF6797283FD62A0022DBE5 /* Assets.xcassets */ = {isa = PBXFileReference; lastKnownFileType = folder.assetcatalog; path = Assets.xcassets; sourceTree = "<group>"; };
		37DF679A283FD62A0022DBE5 /* Base */ = {isa = PBXFileReference; lastKnownFileType = file.storyboard; name = Base; path = Base.lproj/LaunchScreen.storyboard; sourceTree = "<group>"; };
		37DF679C283FD62A0022DBE5 /* Info.plist */ = {isa = PBXFileReference; lastKnownFileType = text.plist.xml; path = Info.plist; sourceTree = "<group>"; };
/* End PBXFileReference section */

/* Begin PBXFrameworksBuildPhase section */
		37DF6785283FD6280022DBE5 /* Frameworks */ = {
			isa = PBXFrameworksBuildPhase;
			buildActionMask = 2147483647;
			files = (
			);
			runOnlyForDeploymentPostprocessing = 0;
		};
/* End PBXFrameworksBuildPhase section */

/* Begin PBXGroup section */
		37DF677F283FD6280022DBE5 = {
			isa = PBXGroup;
			children = (
				37DF678A283FD6280022DBE5 /* PassData_ViewControllers_Delegate */,
				37DF6789283FD6280022DBE5 /* Products */,
			);
			sourceTree = "<group>";
		};
		37DF6789283FD6280022DBE5 /* Products */ = {
			isa = PBXGroup;
			children = (
				37DF6788283FD6280022DBE5 /* PassData_ViewControllers_Delegate.app */,
			);
			name = Products;
			sourceTree = "<group>";
		};
		37DF678A283FD6280022DBE5 /* PassData_ViewControllers_Delegate */ = {
			isa = PBXGroup;
			children = (
				37DF678B283FD6280022DBE5 /* AppDelegate.swift */,
				37DF678D283FD6280022DBE5 /* SceneDelegate.swift */,
				37DF678F283FD6280022DBE5 /* ViewController.swift */,
				37DF6791283FD6280022DBE5 /* Main.storyboard */,
				37DF6797283FD62A0022DBE5 /* Assets.xcassets */,
				37DF6799283FD62A0022DBE5 /* LaunchScreen.storyboard */,
				37DF679C283FD62A0022DBE5 /* Info.plist */,
				37DF6794283FD6280022DBE5 /* PassData_ViewControllers_Delegate.xcdatamodeld */,
			);
			path = PassData_ViewControllers_Delegate;
			sourceTree = "<group>";
		};
/* End PBXGroup section */

/* Begin PBXNativeTarget section */
		37DF6787283FD6280022DBE5 /* PassData_ViewControllers_Delegate */ = {
			isa = PBXNativeTarget;
			buildConfigurationList = 37DF679F283FD62A0022DBE5 /* Build configuration list for PBXNativeTarget "PassData_ViewControllers_Delegate" */;
			buildPhases = (
				37DF6784283FD6280022DBE5 /* Sources */,
				37DF6785283FD6280022DBE5 /* Frameworks */,
				37DF6786283FD6280022DBE5 /* Resources */,
			);
			buildRules = (
			);
			dependencies = (
			);
			name = PassData_ViewControllers_Delegate;
			productName = PassData_ViewControllers_Delegate;
			productReference = 37DF6788283FD6280022DBE5 /* PassData_ViewControllers_Delegate.app */;
			productType = "com.apple.product-type.application";
		};
/* End PBXNativeTarget section */

/* Begin PBXProject section */
		37DF6780283FD6280022DBE5 /* Project object */ = {
			isa = PBXProject;
			attributes = {
				BuildIndependentTargetsInParallel = 1;
				LastSwiftUpdateCheck = 1340;
				LastUpgradeCheck = 1340;
				TargetAttributes = {
					37DF6787283FD6280022DBE5 = {
						CreatedOnToolsVersion = 13.4;
					};
				};
			};
			buildConfigurationList = 37DF6783283FD6280022DBE5 /* Build configuration list for PBXProject "PassData_ViewControllers_Delegate" */;
			compatibilityVersion = "Xcode 13.0";
			developmentRegion = en;
			hasScannedForEncodings = 0;
			knownRegions = (
				en,
				Base,
			);
			mainGroup = 37DF677F283FD6280022DBE5;
			productRefGroup = 37DF6789283FD6280022DBE5 /* Products */;
			projectDirPath = "";
			projectRoot = "";
			targets = (
				37DF6787283FD6280022DBE5 /* PassData_ViewControllers_Delegate */,
			);
		};
/* End PBXProject section */

/* Begin PBXResourcesBuildPhase section */
		37DF6786283FD6280022DBE5 /* Resources */ = {
			isa = PBXResourcesBuildPhase;
			buildActionMask = 2147483647;
			files = (
				37DF679B283FD62A0022DBE5 /* LaunchScreen.storyboard in Resources */,
				37DF6798283FD62A0022DBE5 /* Assets.xcassets in Resources */,
				37DF6793283FD6280022DBE5 /* Main.storyboard in Resources */,
			);
			runOnlyForDeploymentPostprocessing = 0;
		};
/* End PBXResourcesBuildPhase section */

/* Begin PBXSourcesBuildPhase section */
		37DF6784283FD6280022DBE5 /* Sources */ = {
			isa = PBXSourcesBuildPhase;
			buildActionMask = 2147483647;
			files = (
				37DF6790283FD6280022DBE5 /* ViewController.swift in Sources */,
				37DF678C283FD6280022DBE5 /* AppDelegate.swift in Sources */,
				37DF6796283FD6280022DBE5 /* PassData_ViewControllers_Delegate.xcdatamodeld in Sources */,
				37DF678E283FD6280022DBE5 /* SceneDelegate.swift in Sources */,
			);
			runOnlyForDeploymentPostprocessing = 0;
		};
/* End PBXSourcesBuildPhase section */

/* Begin PBXVariantGroup section */
		37DF6791283FD6280022DBE5 /* Main.storyboard */ = {
			isa = PBXVariantGroup;
			children = (
				37DF6792283FD6280022DBE5 /* Base */,
			);
			name = Main.storyboard;
			sourceTree = "<group>";
		};
		37DF6799283FD62A0022DBE5 /* LaunchScreen.storyboard */ = {
			isa = PBXVariantGroup;
			children = (
				37DF679A283FD62A0022DBE5 /* Base */,
			);
			name = LaunchScreen.storyboard;
			sourceTree = "<group>";
		};
/* End PBXVariantGroup section */

/* Begin XCBuildConfiguration section */
		37DF679D283FD62A0022DBE5 /* Debug */ = {
			isa = XCBuildConfiguration;
			buildSettings = {
				ALWAYS_SEARCH_USER_PATHS = NO;
				CLANG_ANALYZER_NONNULL = YES;
				CLANG_ANALYZER_NUMBER_OBJECT_CONVERSION = YES_AGGRESSIVE;
				CLANG_CXX_LANGUAGE_STANDARD = "gnu++17";
				CLANG_ENABLE_MODULES = YES;
				CLANG_ENABLE_OBJC_ARC = YES;
				CLANG_ENABLE_OBJC_WEAK = YES;
				CLANG_WARN_BLOCK_CAPTURE_AUTORELEASING = YES;
				CLANG_WARN_BOOL_CONVERSION = YES;
				CLANG_WARN_COMMA = YES;
				CLANG_WARN_CONSTANT_CONVERSION = YES;
				CLANG_WARN_DEPRECATED_OBJC_IMPLEMENTATIONS = YES;
				CLANG_WARN_DIRECT_OBJC_ISA_USAGE = YES_ERROR;
				CLANG_WARN_DOCUMENTATION_COMMENTS = YES;
				CLANG_WARN_EMPTY_BODY = YES;
				CLANG_WARN_ENUM_CONVERSION = YES;
				CLANG_WARN_INFINITE_RECURSION = YES;
				CLANG_WARN_INT_CONVERSION = YES;
				CLANG_WARN_NON_LITERAL_NULL_CONVERSION = YES;
				CLANG_WARN_OBJC_IMPLICIT_RETAIN_SELF = YES;
				CLANG_WARN_OBJC_LITERAL_CONVERSION = YES;
				CLANG_WARN_OBJC_ROOT_CLASS = YES_ERROR;
				CLANG_WARN_QUOTED_INCLUDE_IN_FRAMEWORK_HEADER = YES;
				CLANG_WARN_RANGE_LOOP_ANALYSIS = YES;
				CLANG_WARN_STRICT_PROTOTYPES = YES;
				CLANG_WARN_SUSPICIOUS_MOVE = YES;
				CLANG_WARN_UNGUARDED_AVAILABILITY = YES_AGGRESSIVE;
				CLANG_WARN_UNREACHABLE_CODE = YES;
				CLANG_WARN__DUPLICATE_METHOD_MATCH = YES;
				COPY_PHASE_STRIP = NO;
				DEBUG_INFORMATION_FORMAT = dwarf;
				ENABLE_STRICT_OBJC_MSGSEND = YES;
				ENABLE_TESTABILITY = YES;
				GCC_C_LANGUAGE_STANDARD = gnu11;
				GCC_DYNAMIC_NO_PIC = NO;
				GCC_NO_COMMON_BLOCKS = YES;
				GCC_OPTIMIZATION_LEVEL = 0;
				GCC_PREPROCESSOR_DEFINITIONS = (
					"DEBUG=1",
					"$(inherited)",
				);
				GCC_WARN_64_TO_32_BIT_CONVERSION = YES;
				GCC_WARN_ABOUT_RETURN_TYPE = YES_ERROR;
				GCC_WARN_UNDECLARED_SELECTOR = YES;
				GCC_WARN_UNINITIALIZED_AUTOS = YES_AGGRESSIVE;
				GCC_WARN_UNUSED_FUNCTION = YES;
				GCC_WARN_UNUSED_VARIABLE = YES;
				IPHONEOS_DEPLOYMENT_TARGET = 15.5;
				MTL_ENABLE_DEBUG_INFO = INCLUDE_SOURCE;
				MTL_FAST_MATH = YES;
				ONLY_ACTIVE_ARCH = YES;
				SDKROOT = iphoneos;
				SWIFT_ACTIVE_COMPILATION_CONDITIONS = DEBUG;
				SWIFT_OPTIMIZATION_LEVEL = "-Onone";
			};
			name = Debug;
		};
		37DF679E283FD62A0022DBE5 /* Release */ = {
			isa = XCBuildConfiguration;
			buildSettings = {
				ALWAYS_SEARCH_USER_PATHS = NO;
				CLANG_ANALYZER_NONNULL = YES;
				CLANG_ANALYZER_NUMBER_OBJECT_CONVERSION = YES_AGGRESSIVE;
				CLANG_CXX_LANGUAGE_STANDARD = "gnu++17";
				CLANG_ENABLE_MODULES = YES;
				CLANG_ENABLE_OBJC_ARC = YES;
				CLANG_ENABLE_OBJC_WEAK = YES;
				CLANG_WARN_BLOCK_CAPTURE_AUTORELEASING = YES;
				CLANG_WARN_BOOL_CONVERSION = YES;
				CLANG_WARN_COMMA = YES;
				CLANG_WARN_CONSTANT_CONVERSION = YES;
				CLANG_WARN_DEPRECATED_OBJC_IMPLEMENTATIONS = YES;
				CLANG_WARN_DIRECT_OBJC_ISA_USAGE = YES_ERROR;
				CLANG_WARN_DOCUMENTATION_COMMENTS = YES;
				CLANG_WARN_EMPTY_BODY = YES;
				CLANG_WARN_ENUM_CONVERSION = YES;
				CLANG_WARN_INFINITE_RECURSION = YES;
				CLANG_WARN_INT_CONVERSION = YES;
				CLANG_WARN_NON_LITERAL_NULL_CONVERSION = YES;
				CLANG_WARN_OBJC_IMPLICIT_RETAIN_SELF = YES;
				CLANG_WARN_OBJC_LITERAL_CONVERSION = YES;
				CLANG_WARN_OBJC_ROOT_CLASS = YES_ERROR;
				CLANG_WARN_QUOTED_INCLUDE_IN_FRAMEWORK_HEADER = YES;
				CLANG_WARN_RANGE_LOOP_ANALYSIS = YES;
				CLANG_WARN_STRICT_PROTOTYPES = YES;
				CLANG_WARN_SUSPICIOUS_MOVE = YES;
				CLANG_WARN_UNGUARDED_AVAILABILITY = YES_AGGRESSIVE;
				CLANG_WARN_UNREACHABLE_CODE = YES;
				CLANG_WARN__DUPLICATE_METHOD_MATCH = YES;
				COPY_PHASE_STRIP = NO;
				DEBUG_INFORMATION_FORMAT = "dwarf-with-dsym";
				ENABLE_NS_ASSERTIONS = NO;
				ENABLE_STRICT_OBJC_MSGSEND = YES;
				GCC_C_LANGUAGE_STANDARD = gnu11;
				GCC_NO_COMMON_BLOCKS = YES;
				GCC_WARN_64_TO_32_BIT_CONVERSION = YES;
				GCC_WARN_ABOUT_RETURN_TYPE = YES_ERROR;
				GCC_WARN_UNDECLARED_SELECTOR = YES;
				GCC_WARN_UNINITIALIZED_AUTOS = YES_AGGRESSIVE;
				GCC_WARN_UNUSED_FUNCTION = YES;
				GCC_WARN_UNUSED_VARIABLE = YES;
				IPHONEOS_DEPLOYMENT_TARGET = 15.5;
				MTL_ENABLE_DEBUG_INFO = NO;
				MTL_FAST_MATH = YES;
				SDKROOT = iphoneos;
				SWIFT_COMPILATION_MODE = wholemodule;
				SWIFT_OPTIMIZATION_LEVEL = "-O";
				VALIDATE_PRODUCT = YES;
			};
			name = Release;
		};
		37DF67A0283FD62A0022DBE5 /* Debug */ = {
			isa = XCBuildConfiguration;
			buildSettings = {
				ASSETCATALOG_COMPILER_APPICON_NAME = AppIcon;
				ASSETCATALOG_COMPILER_GLOBAL_ACCENT_COLOR_NAME = AccentColor;
				CODE_SIGN_STYLE = Automatic;
				CURRENT_PROJECT_VERSION = 1;
				GENERATE_INFOPLIST_FILE = YES;
				INFOPLIST_FILE = PassData_ViewControllers_Delegate/Info.plist;
				INFOPLIST_KEY_UIApplicationSupportsIndirectInputEvents = YES;
				INFOPLIST_KEY_UILaunchStoryboardName = LaunchScreen;
				INFOPLIST_KEY_UIMainStoryboardFile = Main;
				INFOPLIST_KEY_UISupportedInterfaceOrientations_iPad = "UIInterfaceOrientationPortrait UIInterfaceOrientationPortraitUpsideDown UIInterfaceOrientationLandscapeLeft UIInterfaceOrientationLandscapeRight";
				INFOPLIST_KEY_UISupportedInterfaceOrientations_iPhone = "UIInterfaceOrientationPortrait UIInterfaceOrientationLandscapeLeft UIInterfaceOrientationLandscapeRight";
				LD_RUNPATH_SEARCH_PATHS = (
					"$(inherited)",
					"@executable_path/Frameworks",
				);
				MARKETING_VERSION = 1.0;
				PRODUCT_BUNDLE_IDENTIFIER = "com.example.MinhTienDao.PassData-ViewControllers-Delegate";
				PRODUCT_NAME = "$(TARGET_NAME)";
				SWIFT_EMIT_LOC_STRINGS = YES;
				SWIFT_VERSION = 5.0;
				TARGETED_DEVICE_FAMILY = "1,2";
			};
			name = Debug;
		};
		37DF67A1283FD62A0022DBE5 /* Release */ = {
			isa = XCBuildConfiguration;
			buildSettings = {
				ASSETCATALOG_COMPILER_APPICON_NAME = AppIcon;
				ASSETCATALOG_COMPILER_GLOBAL_ACCENT_COLOR_NAME = AccentColor;
				CODE_SIGN_STYLE = Automatic;
				CURRENT_PROJECT_VERSION = 1;
				GENERATE_INFOPLIST_FILE = YES;
				INFOPLIST_FILE = PassData_ViewControllers_Delegate/Info.plist;
				INFOPLIST_KEY_UIApplicationSupportsIndirectInputEvents = YES;
				INFOPLIST_KEY_UILaunchStoryboardName = LaunchScreen;
				INFOPLIST_KEY_UIMainStoryboardFile = Main;
				INFOPLIST_KEY_UISupportedInterfaceOrientations_iPad = "UIInterfaceOrientationPortrait UIInterfaceOrientationPortraitUpsideDown UIInterfaceOrientationLandscapeLeft UIInterfaceOrientationLandscapeRight";
				INFOPLIST_KEY_UISupportedInterfaceOrientations_iPhone = "UIInterfaceOrientationPortrait UIInterfaceOrientationLandscapeLeft UIInterfaceOrientationLandscapeRight";
				LD_RUNPATH_SEARCH_PATHS = (
					"$(inherited)",
					"@executable_path/Frameworks",
				);
				MARKETING_VERSION = 1.0;
				PRODUCT_BUNDLE_IDENTIFIER = "com.example.MinhTienDao.PassData-ViewControllers-Delegate";
				PRODUCT_NAME = "$(TARGET_NAME)";
				SWIFT_EMIT_LOC_STRINGS = YES;
				SWIFT_VERSION = 5.0;
				TARGETED_DEVICE_FAMILY = "1,2";
			};
			name = Release;
		};
/* End XCBuildConfiguration section */

/* Begin XCConfigurationList section */
		37DF6783283FD6280022DBE5 /* Build configuration list for PBXProject "PassData_ViewControllers_Delegate" */ = {
			isa = XCConfigurationList;
			buildConfigurations = (
				37DF679D283FD62A0022DBE5 /* Debug */,
				37DF679E283FD62A0022DBE5 /* Release */,
			);
			defaultConfigurationIsVisible = 0;
			defaultConfigurationName = Release;
		};
		37DF679F283FD62A0022DBE5 /* Build configuration list for PBXNativeTarget "PassData_ViewControllers_Delegate" */ = {
			isa = XCConfigurationList;
			buildConfigurations = (
				37DF67A0283FD62A0022DBE5 /* Debug */,
				37DF67A1283FD62A0022DBE5 /* Release */,
			);
			defaultConfigurationIsVisible = 0;
			defaultConfigurationName = Release;
		};
/* End XCConfigurationList section */

/* Begin XCVersionGroup section */
		37DF6794283FD6280022DBE5 /* PassData_ViewControllers_Delegate.xcdatamodeld */ = {
			isa = XCVersionGroup;
			children = (
				37DF6795283FD6280022DBE5 /* PassData_ViewControllers_Delegate.xcdatamodel */,
			);
			currentVersion = 37DF6795283FD6280022DBE5 /* PassData_ViewControllers_Delegate.xcdatamodel */;
			path = PassData_ViewControllers_Delegate.xcdatamodeld;
			sourceTree = "<group>";
			versionGroupType = wrapper.xcdatamodel;
		};
/* End XCVersionGroup section */
	};
	rootObject = 37DF6780283FD6280022DBE5 /* Project object */;
}
